
Microsoft Visual Studio Solution File, Format Version 12.00
# Visual Studio Version 17
VisualStudioVersion = 17.3.32901.215
MinimumVisualStudioVersion = 10.0.40219.1
Project("{FAE04EC0-301F-11D3-BF4B-00C04F79EFBC}") = "beginning", "beginning\beginning.csproj", "{BE45714B-562C-47F7-A44F-C45DAE08B226}"
EndProject
Global
	GlobalSection(SolutionConfigurationPlatforms) = preSolution
		Debug|Any CPU = Debug|Any CPU
		Release|Any CPU = Release|Any CPU
	EndGlobalSection
	GlobalSection(ProjectConfigurationPlatforms) = postSolution
		{BE45714B-562C-47F7-A44F-C45DAE08B226}.Debug|Any CPU.ActiveCfg = Debug|Any CPU
		{BE45714B-562C-47F7-A44F-C45DAE08B226}.Debug|Any CPU.Build.0 = Debug|Any CPU
		{BE45714B-562C-47F7-A44F-C45DAE08B226}.Release|Any CPU.ActiveCfg = Release|Any CPU
		{BE45714B-562C-47F7-A44F-C45DAE08B226}.Release|Any CPU.Build.0 = Release|Any CPU
	EndGlobalSection
	GlobalSection(SolutionProperties) = preSolution
		HideSolutionNode = FALSE
	EndGlobalSection
	GlobalSection(ExtensibilityGlobals) = postSolution
		SolutionGuid = {08370D62-3850-4AA5-9067-560BA979326F}
	EndGlobalSection
EndGlobal
